
Microsoft Visual Studio Solution File, Format Version 11.00
# Visual Studio 2010
Project("{FAE04EC0-301F-11D3-BF4B-00C04F79EFBC}") = "IAProject", "Assembly-CSharp.csproj", "{7DF74B46-06CA-34C5-D31B-C5011A9A711E}"
EndProject
Project("{FAE04EC0-301F-11D3-BF4B-00C04F79EFBC}") = "IAProject", "Assembly-CSharp-Editor.csproj", "{2857BAAE-FE7A-88E3-A4C1-F1CA8049EAE6}"
EndProject
Global
	GlobalSection(SolutionConfigurationPlatforms) = preSolution
		Debug|Any CPU = Debug|Any CPU
		Release|Any CPU = Release|Any CPU
	EndGlobalSection
	GlobalSection(ProjectConfigurationPlatforms) = postSolution
		{7DF74B46-06CA-34C5-D31B-C5011A9A711E}.Debug|Any CPU.ActiveCfg = Debug|Any CPU
		{7DF74B46-06CA-34C5-D31B-C5011A9A711E}.Debug|Any CPU.Build.0 = Debug|Any CPU
		{7DF74B46-06CA-34C5-D31B-C5011A9A711E}.Release|Any CPU.ActiveCfg = Release|Any CPU
		{7DF74B46-06CA-34C5-D31B-C5011A9A711E}.Release|Any CPU.Build.0 = Release|Any CPU
		{2857BAAE-FE7A-88E3-A4C1-F1CA8049EAE6}.Debug|Any CPU.ActiveCfg = Debug|Any CPU
		{2857BAAE-FE7A-88E3-A4C1-F1CA8049EAE6}.Debug|Any CPU.Build.0 = Debug|Any CPU
		{2857BAAE-FE7A-88E3-A4C1-F1CA8049EAE6}.Release|Any CPU.ActiveCfg = Release|Any CPU
		{2857BAAE-FE7A-88E3-A4C1-F1CA8049EAE6}.Release|Any CPU.Build.0 = Release|Any CPU
	EndGlobalSection
	GlobalSection(SolutionProperties) = preSolution
		HideSolutionNode = FALSE
	EndGlobalSection
	GlobalSection(MonoDevelopProperties) = preSolution
		StartupItem = Assembly-CSharp.csproj
	EndGlobalSection
EndGlobal
