
Microsoft Visual Studio Solution File, Format Version 12.00
# Visual Studio 2017
Project("{FAE04EC0-301F-11D3-BF4B-00C04F79EFBC}") = "IAProject", "IAProject.csproj", "{7B86039F-651D-FF70-BA9D-26E065C57744}"
EndProject
Project("{FAE04EC0-301F-11D3-BF4B-00C04F79EFBC}") = "IAProject.Editor", "IAProject.Editor.csproj", "{7EC67EF4-F61D-DAC2-998D-0ACE62CE193A}"
EndProject
Global
	GlobalSection(SolutionConfigurationPlatforms) = preSolution
		Debug|Any CPU = Debug|Any CPU
		Release|Any CPU = Release|Any CPU
	EndGlobalSection
	GlobalSection(ProjectConfigurationPlatforms) = postSolution
		{7B86039F-651D-FF70-BA9D-26E065C57744}.Debug|Any CPU.ActiveCfg = Debug|Any CPU
		{7B86039F-651D-FF70-BA9D-26E065C57744}.Debug|Any CPU.Build.0 = Debug|Any CPU
		{7B86039F-651D-FF70-BA9D-26E065C57744}.Release|Any CPU.ActiveCfg = Release|Any CPU
		{7B86039F-651D-FF70-BA9D-26E065C57744}.Release|Any CPU.Build.0 = Release|Any CPU
		{7EC67EF4-F61D-DAC2-998D-0ACE62CE193A}.Debug|Any CPU.ActiveCfg = Debug|Any CPU
		{7EC67EF4-F61D-DAC2-998D-0ACE62CE193A}.Debug|Any CPU.Build.0 = Debug|Any CPU
		{7EC67EF4-F61D-DAC2-998D-0ACE62CE193A}.Release|Any CPU.ActiveCfg = Release|Any CPU
		{7EC67EF4-F61D-DAC2-998D-0ACE62CE193A}.Release|Any CPU.Build.0 = Release|Any CPU
	EndGlobalSection
	GlobalSection(SolutionProperties) = preSolution
		HideSolutionNode = FALSE
	EndGlobalSection
EndGlobal
